// !$*UTF8*$!
{
	archiveVersion = 1;
	classes = {
	};
	objectVersion = 46;
	objects = {

/* Begin PBXBuildFile section */
		920110101DF02B25000440DD /* Emoticons.bundle in Resources */ = {isa = PBXBuildFile; fileRef = 9201100F1DF02B25000440DD /* Emoticons.bundle */; };
		920110121DF02B3D000440DD /* SLKeyboardPackage.swift in Sources */ = {isa = PBXBuildFile; fileRef = 920110111DF02B3D000440DD /* SLKeyboardPackage.swift */; };
		924E55171DEF03140063FF73 /* AppDelegate.swift in Sources */ = {isa = PBXBuildFile; fileRef = 924E55161DEF03140063FF73 /* AppDelegate.swift */; };
		924E55191DEF03140063FF73 /* ViewController.swift in Sources */ = {isa = PBXBuildFile; fileRef = 924E55181DEF03140063FF73 /* ViewController.swift */; };
		924E551C1DEF03140063FF73 /* Main.storyboard in Resources */ = {isa = PBXBuildFile; fileRef = 924E551A1DEF03140063FF73 /* Main.storyboard */; };
		924E551E1DEF03140063FF73 /* Assets.xcassets in Resources */ = {isa = PBXBuildFile; fileRef = 924E551D1DEF03140063FF73 /* Assets.xcassets */; };
		924E55211DEF03140063FF73 /* LaunchScreen.storyboard in Resources */ = {isa = PBXBuildFile; fileRef = 924E551F1DEF03140063FF73 /* LaunchScreen.storyboard */; };
		924E552E1DEF1F810063FF73 /* SLExpressionKeyboardViewController.swift in Sources */ = {isa = PBXBuildFile; fileRef = 924E552D1DEF1F810063FF73 /* SLExpressionKeyboardViewController.swift */; };
		925E80DD1DF01A730064EA67 /* SLExpressionKeyboardCell.swift in Sources */ = {isa = PBXBuildFile; fileRef = 925E80DC1DF01A730064EA67 /* SLExpressionKeyboardCell.swift */; };
/* End PBXBuildFile section */

/* Begin PBXFileReference section */
		9201100F1DF02B25000440DD /* Emoticons.bundle */ = {isa = PBXFileReference; lastKnownFileType = "wrapper.plug-in"; path = Emoticons.bundle; sourceTree = "<group>"; };
		920110111DF02B3D000440DD /* SLKeyboardPackage.swift */ = {isa = PBXFileReference; fileEncoding = 4; lastKnownFileType = sourcecode.swift; path = SLKeyboardPackage.swift; sourceTree = "<group>"; };
		924E55131DEF03140063FF73 /* EncapsulationExpressionKeyboard.app */ = {isa = PBXFileReference; explicitFileType = wrapper.application; includeInIndex = 0; path = EncapsulationExpressionKeyboard.app; sourceTree = BUILT_PRODUCTS_DIR; };
		924E55161DEF03140063FF73 /* AppDelegate.swift */ = {isa = PBXFileReference; lastKnownFileType = sourcecode.swift; path = AppDelegate.swift; sourceTree = "<group>"; };
		924E55181DEF03140063FF73 /* ViewController.swift */ = {isa = PBXFileReference; lastKnownFileType = sourcecode.swift; path = ViewController.swift; sourceTree = "<group>"; };
		924E551B1DEF03140063FF73 /* Base */ = {isa = PBXFileReference; lastKnownFileType = file.storyboard; name = Base; path = Base.lproj/Main.storyboard; sourceTree = "<group>"; };
		924E551D1DEF03140063FF73 /* Assets.xcassets */ = {isa = PBXFileReference; lastKnownFileType = folder.assetcatalog; path = Assets.xcassets; sourceTree = "<group>"; };
		924E55201DEF03140063FF73 /* Base */ = {isa = PBXFileReference; lastKnownFileType = file.storyboard; name = Base; path = Base.lproj/LaunchScreen.storyboard; sourceTree = "<group>"; };
		924E55221DEF03140063FF73 /* Info.plist */ = {isa = PBXFileReference; lastKnownFileType = text.plist.xml; path = Info.plist; sourceTree = "<group>"; };
		924E552D1DEF1F810063FF73 /* SLExpressionKeyboardViewController.swift */ = {isa = PBXFileReference; fileEncoding = 4; lastKnownFileType = sourcecode.swift; path = SLExpressionKeyboardViewController.swift; sourceTree = "<group>"; };
		925E80DC1DF01A730064EA67 /* SLExpressionKeyboardCell.swift */ = {isa = PBXFileReference; fileEncoding = 4; lastKnownFileType = sourcecode.swift; path = SLExpressionKeyboardCell.swift; sourceTree = "<group>"; };
/* End PBXFileReference section */

/* Begin PBXFrameworksBuildPhase section */
		924E55101DEF03140063FF73 /* Frameworks */ = {
			isa = PBXFrameworksBuildPhase;
			buildActionMask = 2147483647;
			files = (
			);
			runOnlyForDeploymentPostprocessing = 0;
		};
/* End PBXFrameworksBuildPhase section */

/* Begin PBXGroup section */
		924E550A1DEF03140063FF73 = {
			isa = PBXGroup;
			children = (
				924E55151DEF03140063FF73 /* EncapsulationExpressionKeyboard */,
				924E55141DEF03140063FF73 /* Products */,
			);
			sourceTree = "<group>";
		};
		924E55141DEF03140063FF73 /* Products */ = {
			isa = PBXGroup;
			children = (
				924E55131DEF03140063FF73 /* EncapsulationExpressionKeyboard.app */,
			);
			name = Products;
			sourceTree = "<group>";
		};
		924E55151DEF03140063FF73 /* EncapsulationExpressionKeyboard */ = {
			isa = PBXGroup;
			children = (
				924E55281DEF08310063FF73 /* ExpressionKeyboard */,
				924E55161DEF03140063FF73 /* AppDelegate.swift */,
				924E55181DEF03140063FF73 /* ViewController.swift */,
				924E551A1DEF03140063FF73 /* Main.storyboard */,
				924E551D1DEF03140063FF73 /* Assets.xcassets */,
				924E551F1DEF03140063FF73 /* LaunchScreen.storyboard */,
				924E55221DEF03140063FF73 /* Info.plist */,
			);
			path = EncapsulationExpressionKeyboard;
			sourceTree = "<group>";
		};
		924E55281DEF08310063FF73 /* ExpressionKeyboard */ = {
			isa = PBXGroup;
			children = (
				9201100F1DF02B25000440DD /* Emoticons.bundle */,
				924E552D1DEF1F810063FF73 /* SLExpressionKeyboardViewController.swift */,
				925E80DC1DF01A730064EA67 /* SLExpressionKeyboardCell.swift */,
				920110111DF02B3D000440DD /* SLKeyboardPackage.swift */,
			);
			path = ExpressionKeyboard;
			sourceTree = "<group>";
		};
/* End PBXGroup section */

/* Begin PBXNativeTarget section */
		924E55121DEF03140063FF73 /* EncapsulationExpressionKeyboard */ = {
			isa = PBXNativeTarget;
			buildConfigurationList = 924E55251DEF03140063FF73 /* Build configuration list for PBXNativeTarget "EncapsulationExpressionKeyboard" */;
			buildPhases = (
				924E550F1DEF03140063FF73 /* Sources */,
				924E55101DEF03140063FF73 /* Frameworks */,
				924E55111DEF03140063FF73 /* Resources */,
			);
			buildRules = (
			);
			dependencies = (
			);
			name = EncapsulationExpressionKeyboard;
			productName = EncapsulationExpressionKeyboard;
			productReference = 924E55131DEF03140063FF73 /* EncapsulationExpressionKeyboard.app */;
			productType = "com.apple.product-type.application";
		};
/* End PBXNativeTarget section */

/* Begin PBXProject section */
		924E550B1DEF03140063FF73 /* Project object */ = {
			isa = PBXProject;
			attributes = {
				CLASSPREFIX = SL;
				LastSwiftUpdateCheck = 0730;
				LastUpgradeCheck = 0730;
				ORGANIZATIONNAME = SLZeng;
				TargetAttributes = {
					924E55121DEF03140063FF73 = {
						CreatedOnToolsVersion = 7.3.1;
					};
				};
			};
			buildConfigurationList = 924E550E1DEF03140063FF73 /* Build configuration list for PBXProject "EncapsulationExpressionKeyboard" */;
			compatibilityVersion = "Xcode 3.2";
			developmentRegion = English;
			hasScannedForEncodings = 0;
			knownRegions = (
				en,
				Base,
			);
			mainGroup = 924E550A1DEF03140063FF73;
			productRefGroup = 924E55141DEF03140063FF73 /* Products */;
			projectDirPath = "";
			projectRoot = "";
			targets = (
				924E55121DEF03140063FF73 /* EncapsulationExpressionKeyboard */,
			);
		};
/* End PBXProject section */

/* Begin PBXResourcesBuildPhase section */
		924E55111DEF03140063FF73 /* Resources */ = {
			isa = PBXResourcesBuildPhase;
			buildActionMask = 2147483647;
			files = (
				924E55211DEF03140063FF73 /* LaunchScreen.storyboard in Resources */,
				920110101DF02B25000440DD /* Emoticons.bundle in Resources */,
				924E551E1DEF03140063FF73 /* Assets.xcassets in Resources */,
				924E551C1DEF03140063FF73 /* Main.storyboard in Resources */,
			);
			runOnlyForDeploymentPostprocessing = 0;
		};
/* End PBXResourcesBuildPhase section */

/* Begin PBXSourcesBuildPhase section */
		924E550F1DEF03140063FF73 /* Sources */ = {
			isa = PBXSourcesBuildPhase;
			buildActionMask = 2147483647;
			files = (
				924E55191DEF03140063FF73 /* ViewController.swift in Sources */,
				925E80DD1DF01A730064EA67 /* SLExpressionKeyboardCell.swift in Sources */,
				924E55171DEF03140063FF73 /* AppDelegate.swift in Sources */,
				920110121DF02B3D000440DD /* SLKeyboardPackage.swift in Sources */,
				924E552E1DEF1F810063FF73 /* SLExpressionKeyboardViewController.swift in Sources */,
			);
			runOnlyForDeploymentPostprocessing = 0;
		};
/* End PBXSourcesBuildPhase section */

/* Begin PBXVariantGroup section */
		924E551A1DEF03140063FF73 /* Main.storyboard */ = {
			isa = PBXVariantGroup;
			children = (
				924E551B1DEF03140063FF73 /* Base */,
			);
			name = Main.storyboard;
			sourceTree = "<group>";
		};
		924E551F1DEF03140063FF73 /* LaunchScreen.storyboard */ = {
			isa = PBXVariantGroup;
			children = (
				924E55201DEF03140063FF73 /* Base */,
			);
			name = LaunchScreen.storyboard;
			sourceTree = "<group>";
		};
/* End PBXVariantGroup section */

/* Begin XCBuildConfiguration section */
		924E55231DEF03140063FF73 /* Debug */ = {
			isa = XCBuildConfiguration;
			buildSettings = {
				ALWAYS_SEARCH_USER_PATHS = NO;
				CLANG_ANALYZER_NONNULL = YES;
				CLANG_CXX_LANGUAGE_STANDARD = "gnu++0x";
				CLANG_CXX_LIBRARY = "libc++";
				CLANG_ENABLE_MODULES = YES;
				CLANG_ENABLE_OBJC_ARC = YES;
				CLANG_WARN_BOOL_CONVERSION = YES;
				CLANG_WARN_CONSTANT_CONVERSION = YES;
				CLANG_WARN_DIRECT_OBJC_ISA_USAGE = YES_ERROR;
				CLANG_WARN_EMPTY_BODY = YES;
				CLANG_WARN_ENUM_CONVERSION = YES;
				CLANG_WARN_INT_CONVERSION = YES;
				CLANG_WARN_OBJC_ROOT_CLASS = YES_ERROR;
				CLANG_WARN_UNREACHABLE_CODE = YES;
				CLANG_WARN__DUPLICATE_METHOD_MATCH = YES;
				"CODE_SIGN_IDENTITY[sdk=iphoneos*]" = "iPhone Developer";
				COPY_PHASE_STRIP = NO;
				DEBUG_INFORMATION_FORMAT = dwarf;
				ENABLE_STRICT_OBJC_MSGSEND = YES;
				ENABLE_TESTABILITY = YES;
				GCC_C_LANGUAGE_STANDARD = gnu99;
				GCC_DYNAMIC_NO_PIC = NO;
				GCC_NO_COMMON_BLOCKS = YES;
				GCC_OPTIMIZATION_LEVEL = 0;
				GCC_PREPROCESSOR_DEFINITIONS = (
					"DEBUG=1",
					"$(inherited)",
				);
				GCC_WARN_64_TO_32_BIT_CONVERSION = YES;
				GCC_WARN_ABOUT_RETURN_TYPE = YES_ERROR;
				GCC_WARN_UNDECLARED_SELECTOR = YES;
				GCC_WARN_UNINITIALIZED_AUTOS = YES_AGGRESSIVE;
				GCC_WARN_UNUSED_FUNCTION = YES;
				GCC_WARN_UNUSED_VARIABLE = YES;
				IPHONEOS_DEPLOYMENT_TARGET = 9.3;
				MTL_ENABLE_DEBUG_INFO = YES;
				ONLY_ACTIVE_ARCH = YES;
				SDKROOT = iphoneos;
				SWIFT_OPTIMIZATION_LEVEL = "-Onone";
			};
			name = Debug;
		};
		924E55241DEF03140063FF73 /* Release */ = {
			isa = XCBuildConfiguration;
			buildSettings = {
				ALWAYS_SEARCH_USER_PATHS = NO;
				CLANG_ANALYZER_NONNULL = YES;
				CLANG_CXX_LANGUAGE_STANDARD = "gnu++0x";
				CLANG_CXX_LIBRARY = "libc++";
				CLANG_ENABLE_MODULES = YES;
				CLANG_ENABLE_OBJC_ARC = YES;
				CLANG_WARN_BOOL_CONVERSION = YES;
				CLANG_WARN_CONSTANT_CONVERSION = YES;
				CLANG_WARN_DIRECT_OBJC_ISA_USAGE = YES_ERROR;
				CLANG_WARN_EMPTY_BODY = YES;
				CLANG_WARN_ENUM_CONVERSION = YES;
				CLANG_WARN_INT_CONVERSION = YES;
				CLANG_WARN_OBJC_ROOT_CLASS = YES_ERROR;
				CLANG_WARN_UNREACHABLE_CODE = YES;
				CLANG_WARN__DUPLICATE_METHOD_MATCH = YES;
				"CODE_SIGN_IDENTITY[sdk=iphoneos*]" = "iPhone Developer";
				COPY_PHASE_STRIP = NO;
				DEBUG_INFORMATION_FORMAT = "dwarf-with-dsym";
				ENABLE_NS_ASSERTIONS = NO;
				ENABLE_STRICT_OBJC_MSGSEND = YES;
				GCC_C_LANGUAGE_STANDARD = gnu99;
				GCC_NO_COMMON_BLOCKS = YES;
				GCC_WARN_64_TO_32_BIT_CONVERSION = YES;
				GCC_WARN_ABOUT_RETURN_TYPE = YES_ERROR;
				GCC_WARN_UNDECLARED_SELECTOR = YES;
				GCC_WARN_UNINITIALIZED_AUTOS = YES_AGGRESSIVE;
				GCC_WARN_UNUSED_FUNCTION = YES;
				GCC_WARN_UNUSED_VARIABLE = YES;
				IPHONEOS_DEPLOYMENT_TARGET = 9.3;
				MTL_ENABLE_DEBUG_INFO = NO;
				SDKROOT = iphoneos;
				VALIDATE_PRODUCT = YES;
			};
			name = Release;
		};
		924E55261DEF03140063FF73 /* Debug */ = {
			isa = XCBuildConfiguration;
			buildSettings = {
				ASSETCATALOG_COMPILER_APPICON_NAME = AppIcon;
				INFOPLIST_FILE = EncapsulationExpressionKeyboard/Info.plist;
				LD_RUNPATH_SEARCH_PATHS = "$(inherited) @executable_path/Frameworks";
				PRODUCT_BUNDLE_IDENTIFIER = com.github.EncapsulationExpressionKeyboard;
				PRODUCT_NAME = "$(TARGET_NAME)";
			};
			name = Debug;
		};
		924E55271DEF03140063FF73 /* Release */ = {
			isa = XCBuildConfiguration;
			buildSettings = {
				ASSETCATALOG_COMPILER_APPICON_NAME = AppIcon;
				INFOPLIST_FILE = EncapsulationExpressionKeyboard/Info.plist;
				LD_RUNPATH_SEARCH_PATHS = "$(inherited) @executable_path/Frameworks";
				PRODUCT_BUNDLE_IDENTIFIER = com.github.EncapsulationExpressionKeyboard;
				PRODUCT_NAME = "$(TARGET_NAME)";
			};
			name = Release;
		};
/* End XCBuildConfiguration section */

/* Begin XCConfigurationList section */
		924E550E1DEF03140063FF73 /* Build configuration list for PBXProject "EncapsulationExpressionKeyboard" */ = {
			isa = XCConfigurationList;
			buildConfigurations = (
				924E55231DEF03140063FF73 /* Debug */,
				924E55241DEF03140063FF73 /* Release */,
			);
			defaultConfigurationIsVisible = 0;
			defaultConfigurationName = Release;
		};
		924E55251DEF03140063FF73 /* Build configuration list for PBXNativeTarget "EncapsulationExpressionKeyboard" */ = {
			isa = XCConfigurationList;
			buildConfigurations = (
				924E55261DEF03140063FF73 /* Debug */,
				924E55271DEF03140063FF73 /* Release */,
			);
			defaultConfigurationIsVisible = 0;
			defaultConfigurationName = Release;
		};
/* End XCConfigurationList section */
	};
	rootObject = 924E550B1DEF03140063FF73 /* Project object */;
}
